
Microsoft Visual Studio Solution File, Format Version 12.00
# Visual Studio Version 17
VisualStudioVersion = 17.8.34511.84
MinimumVisualStudioVersion = 10.0.40219.1
Project("{8BC9CEB8-8B4A-11D0-8D11-00A0C91BC942}") = "Intro Project", "Intro Project\Intro Project.vcxproj", "{16F508C0-ADA6-492E-81E8-C8D13C50A74A}"
EndProject
Global
	GlobalSection(SolutionConfigurationPlatforms) = preSolution
		Debug|x64 = Debug|x64
		Debug|x86 = Debug|x86
		Release|x64 = Release|x64
		Release|x86 = Release|x86
	EndGlobalSection
	GlobalSection(ProjectConfigurationPlatforms) = postSolution
		{16F508C0-ADA6-492E-81E8-C8D13C50A74A}.Debug|x64.ActiveCfg = Debug|x64
		{16F508C0-ADA6-492E-81E8-C8D13C50A74A}.Debug|x64.Build.0 = Debug|x64
		{16F508C0-ADA6-492E-81E8-C8D13C50A74A}.Debug|x86.ActiveCfg = Debug|Win32
		{16F508C0-ADA6-492E-81E8-C8D13C50A74A}.Debug|x86.Build.0 = Debug|Win32
		{16F508C0-ADA6-492E-81E8-C8D13C50A74A}.Release|x64.ActiveCfg = Release|x64
		{16F508C0-ADA6-492E-81E8-C8D13C50A74A}.Release|x64.Build.0 = Release|x64
		{16F508C0-ADA6-492E-81E8-C8D13C50A74A}.Release|x86.ActiveCfg = Release|Win32
		{16F508C0-ADA6-492E-81E8-C8D13C50A74A}.Release|x86.Build.0 = Release|Win32
	EndGlobalSection
	GlobalSection(SolutionProperties) = preSolution
		HideSolutionNode = FALSE
	EndGlobalSection
	GlobalSection(ExtensibilityGlobals) = postSolution
		SolutionGuid = {A3BBEF00-3B6A-448D-81D7-DEEF1EAD7ECC}
	EndGlobalSection
EndGlobal
